
Microsoft Visual Studio Solution File, Format Version 12.00
# Visual Studio Version 17
VisualStudioVersion = 17.2.32516.85
MinimumVisualStudioVersion = 10.0.40219.1
Project("{9A19103F-16F7-4668-BE54-9A1E7A4F7556}") = "Turbo D", "Turbo_C_Draw\Turbo D.csproj", "{4CBF2348-E04C-44C1-BD5D-D1F2EF3D139A}"
EndProject
Global
	GlobalSection(SolutionConfigurationPlatforms) = preSolution
		Debug|Any CPU = Debug|Any CPU
		Release|Any CPU = Release|Any CPU
	EndGlobalSection
	GlobalSection(ProjectConfigurationPlatforms) = postSolution
		{4CBF2348-E04C-44C1-BD5D-D1F2EF3D139A}.Debug|Any CPU.ActiveCfg = Debug|Any CPU
		{4CBF2348-E04C-44C1-BD5D-D1F2EF3D139A}.Debug|Any CPU.Build.0 = Debug|Any CPU
		{4CBF2348-E04C-44C1-BD5D-D1F2EF3D139A}.Release|Any CPU.ActiveCfg = Release|Any CPU
		{4CBF2348-E04C-44C1-BD5D-D1F2EF3D139A}.Release|Any CPU.Build.0 = Release|Any CPU
	EndGlobalSection
	GlobalSection(SolutionProperties) = preSolution
		HideSolutionNode = FALSE
	EndGlobalSection
	GlobalSection(ExtensibilityGlobals) = postSolution
		SolutionGuid = {695CFBA7-0286-4877-953E-D7F8597C8089}
	EndGlobalSection
EndGlobal
